
Microsoft Visual Studio Solution File, Format Version 12.00
# Visual Studio Version 17
VisualStudioVersion = 17.1.32328.378
MinimumVisualStudioVersion = 10.0.40219.1
Project("{FAE04EC0-301F-11D3-BF4B-00C04F79EFBC}") = "ConsoleApp", "ConsoleApp\ConsoleApp.csproj", "{C4E064EA-7E7F-4B0E-A0CF-AC72FAD41EA3}"
EndProject
Project("{FAE04EC0-301F-11D3-BF4B-00C04F79EFBC}") = "TestProject", "TestProject\TestProject.csproj", "{3998D084-E2CA-437D-B53F-D744BC1373AE}"
EndProject
Global
	GlobalSection(SolutionConfigurationPlatforms) = preSolution
		Debug|Any CPU = Debug|Any CPU
		Release|Any CPU = Release|Any CPU
	EndGlobalSection
	GlobalSection(ProjectConfigurationPlatforms) = postSolution
		{C4E064EA-7E7F-4B0E-A0CF-AC72FAD41EA3}.Debug|Any CPU.ActiveCfg = Debug|Any CPU
		{C4E064EA-7E7F-4B0E-A0CF-AC72FAD41EA3}.Debug|Any CPU.Build.0 = Debug|Any CPU
		{C4E064EA-7E7F-4B0E-A0CF-AC72FAD41EA3}.Release|Any CPU.ActiveCfg = Release|Any CPU
		{C4E064EA-7E7F-4B0E-A0CF-AC72FAD41EA3}.Release|Any CPU.Build.0 = Release|Any CPU
		{3998D084-E2CA-437D-B53F-D744BC1373AE}.Debug|Any CPU.ActiveCfg = Debug|Any CPU
		{3998D084-E2CA-437D-B53F-D744BC1373AE}.Debug|Any CPU.Build.0 = Debug|Any CPU
		{3998D084-E2CA-437D-B53F-D744BC1373AE}.Release|Any CPU.ActiveCfg = Release|Any CPU
		{3998D084-E2CA-437D-B53F-D744BC1373AE}.Release|Any CPU.Build.0 = Release|Any CPU
	EndGlobalSection
	GlobalSection(SolutionProperties) = preSolution
		HideSolutionNode = FALSE
	EndGlobalSection
	GlobalSection(ExtensibilityGlobals) = postSolution
		SolutionGuid = {87865C56-DE57-44DA-AA8E-A566E0CE4120}
	EndGlobalSection
EndGlobal
